
Microsoft Visual Studio Solution File, Format Version 12.00
# Visual Studio Version 17
VisualStudioVersion = 17.5.33502.453
MinimumVisualStudioVersion = 10.0.40219.1
Project("{FAE04EC0-301F-11D3-BF4B-00C04F79EFBC}") = "FullStack.WebAPI", "FullStack.WebAPI\FullStack.WebAPI.csproj", "{A8104EB8-6158-47D8-8829-F095B90B7EAB}"
EndProject
Global
	GlobalSection(SolutionConfigurationPlatforms) = preSolution
		Debug|Any CPU = Debug|Any CPU
		Release|Any CPU = Release|Any CPU
	EndGlobalSection
	GlobalSection(ProjectConfigurationPlatforms) = postSolution
		{A8104EB8-6158-47D8-8829-F095B90B7EAB}.Debug|Any CPU.ActiveCfg = Debug|Any CPU
		{A8104EB8-6158-47D8-8829-F095B90B7EAB}.Debug|Any CPU.Build.0 = Debug|Any CPU
		{A8104EB8-6158-47D8-8829-F095B90B7EAB}.Release|Any CPU.ActiveCfg = Release|Any CPU
		{A8104EB8-6158-47D8-8829-F095B90B7EAB}.Release|Any CPU.Build.0 = Release|Any CPU
	EndGlobalSection
	GlobalSection(SolutionProperties) = preSolution
		HideSolutionNode = FALSE
	EndGlobalSection
	GlobalSection(ExtensibilityGlobals) = postSolution
		SolutionGuid = {7688EA49-C327-45AF-99DD-E3FE419BE789}
	EndGlobalSection
EndGlobal
